// !$*UTF8*$!
{
	archiveVersion = 1;
	classes = {
	};
	objectVersion = 50;
	objects = {

/* Begin PBXBuildFile section */
		C47E12EE23DA9FB00044EC42 /* AppDelegate.swift in Sources */ = {isa = PBXBuildFile; fileRef = C47E12ED23DA9FB00044EC42 /* AppDelegate.swift */; };
		C47E12F023DA9FB00044EC42 /* SceneDelegate.swift in Sources */ = {isa = PBXBuildFile; fileRef = C47E12EF23DA9FB00044EC42 /* SceneDelegate.swift */; };
		C47E12F223DA9FB00044EC42 /* MapViewController.swift in Sources */ = {isa = PBXBuildFile; fileRef = C47E12F123DA9FB00044EC42 /* MapViewController.swift */; };
		C47E12F523DA9FB00044EC42 /* Main.storyboard in Resources */ = {isa = PBXBuildFile; fileRef = C47E12F323DA9FB00044EC42 /* Main.storyboard */; };
		C47E12F723DA9FB20044EC42 /* Assets.xcassets in Resources */ = {isa = PBXBuildFile; fileRef = C47E12F623DA9FB20044EC42 /* Assets.xcassets */; };
		C47E12FA23DA9FB20044EC42 /* LaunchScreen.storyboard in Resources */ = {isa = PBXBuildFile; fileRef = C47E12F823DA9FB20044EC42 /* LaunchScreen.storyboard */; };
		C47E130523DA9FB20044EC42 /* OnTheMapTests.swift in Sources */ = {isa = PBXBuildFile; fileRef = C47E130423DA9FB20044EC42 /* OnTheMapTests.swift */; };
		C47E131023DA9FB20044EC42 /* OnTheMapUITests.swift in Sources */ = {isa = PBXBuildFile; fileRef = C47E130F23DA9FB20044EC42 /* OnTheMapUITests.swift */; };
		C47E132123DD4C470044EC42 /* Keys.swift in Sources */ = {isa = PBXBuildFile; fileRef = C47E132023DD4C470044EC42 /* Keys.swift */; };
		C47E132323DD51A40044EC42 /* TableViewController.swift in Sources */ = {isa = PBXBuildFile; fileRef = C47E132223DD51A40044EC42 /* TableViewController.swift */; };
		C47E132623DD5D0B0044EC42 /* UdacityClient.swift in Sources */ = {isa = PBXBuildFile; fileRef = C47E132523DD5D0B0044EC42 /* UdacityClient.swift */; };
		C47E132923DD61070044EC42 /* SessionRequest.swift in Sources */ = {isa = PBXBuildFile; fileRef = C47E132823DD61070044EC42 /* SessionRequest.swift */; };
		C47E132B23DD615D0044EC42 /* LoginData.swift in Sources */ = {isa = PBXBuildFile; fileRef = C47E132A23DD615D0044EC42 /* LoginData.swift */; };
		C47E132E23DD62D60044EC42 /* SessionResponse.swift in Sources */ = {isa = PBXBuildFile; fileRef = C47E132D23DD62D60044EC42 /* SessionResponse.swift */; };
		C47E133023DD639B0044EC42 /* Account.swift in Sources */ = {isa = PBXBuildFile; fileRef = C47E132F23DD639B0044EC42 /* Account.swift */; };
		C47E133223DD63A80044EC42 /* Session.swift in Sources */ = {isa = PBXBuildFile; fileRef = C47E133123DD63A80044EC42 /* Session.swift */; };
		C47E133423DDD7730044EC42 /* UserDataResponse.swift in Sources */ = {isa = PBXBuildFile; fileRef = C47E133323DDD7730044EC42 /* UserDataResponse.swift */; };
		C47E133623DDD7FA0044EC42 /* UserData.swift in Sources */ = {isa = PBXBuildFile; fileRef = C47E133523DDD7FA0044EC42 /* UserData.swift */; };
		C47E133823DDDAD90044EC42 /* Guard.swift in Sources */ = {isa = PBXBuildFile; fileRef = C47E133723DDDAD90044EC42 /* Guard.swift */; };
		C47E133B23DDDB8D0044EC42 /* Permission.swift in Sources */ = {isa = PBXBuildFile; fileRef = C47E133A23DDDB8D0044EC42 /* Permission.swift */; };
		C47E133D23DDDC3F0044EC42 /* RefKey.swift in Sources */ = {isa = PBXBuildFile; fileRef = C47E133C23DDDC3F0044EC42 /* RefKey.swift */; };
		C47E133F23DDE1460044EC42 /* Email.swift in Sources */ = {isa = PBXBuildFile; fileRef = C47E133E23DDE1460044EC42 /* Email.swift */; };
		C47E134123DDE34A0044EC42 /* EmailPreference.swift in Sources */ = {isa = PBXBuildFile; fileRef = C47E134023DDE34A0044EC42 /* EmailPreference.swift */; };
		C47E134323DDE4DB0044EC42 /* Membership.swift in Sources */ = {isa = PBXBuildFile; fileRef = C47E134223DDE4DB0044EC42 /* Membership.swift */; };
		C47E134623DDEC7F0044EC42 /* HttpUtil.swift in Sources */ = {isa = PBXBuildFile; fileRef = C47E134523DDEC7F0044EC42 /* HttpUtil.swift */; };
		C47E134823DDED3E0044EC42 /* HttpMethodType.swift in Sources */ = {isa = PBXBuildFile; fileRef = C47E134723DDED3E0044EC42 /* HttpMethodType.swift */; };
		C47E134A23DDEE360044EC42 /* HttpKeys.swift in Sources */ = {isa = PBXBuildFile; fileRef = C47E134923DDEE360044EC42 /* HttpKeys.swift */; };
		C47E134E23DDF4690044EC42 /* StudentLocations.swift in Sources */ = {isa = PBXBuildFile; fileRef = C47E134D23DDF4690044EC42 /* StudentLocations.swift */; };
		C47E135023DDF4CD0044EC42 /* StudentLocation.swift in Sources */ = {isa = PBXBuildFile; fileRef = C47E134F23DDF4CD0044EC42 /* StudentLocation.swift */; };
		C47E135223DE02160044EC42 /* StudentLocationRequest.swift in Sources */ = {isa = PBXBuildFile; fileRef = C47E135123DE02160044EC42 /* StudentLocationRequest.swift */; };
		C47E135423DE02A30044EC42 /* AddStudentResponse.swift in Sources */ = {isa = PBXBuildFile; fileRef = C47E135323DE02A30044EC42 /* AddStudentResponse.swift */; };
		C47E135623DE03310044EC42 /* UpdateStudentResponse.swift in Sources */ = {isa = PBXBuildFile; fileRef = C47E135523DE03310044EC42 /* UpdateStudentResponse.swift */; };
		C47E135823DE25F00044EC42 /* EmptyBody.swift in Sources */ = {isa = PBXBuildFile; fileRef = C47E135723DE25F00044EC42 /* EmptyBody.swift */; };
/* End PBXBuildFile section */

/* Begin PBXContainerItemProxy section */
		C47E130123DA9FB20044EC42 /* PBXContainerItemProxy */ = {
			isa = PBXContainerItemProxy;
			containerPortal = C47E12E223DA9FB00044EC42 /* Project object */;
			proxyType = 1;
			remoteGlobalIDString = C47E12E923DA9FB00044EC42;
			remoteInfo = OnTheMap;
		};
		C47E130C23DA9FB20044EC42 /* PBXContainerItemProxy */ = {
			isa = PBXContainerItemProxy;
			containerPortal = C47E12E223DA9FB00044EC42 /* Project object */;
			proxyType = 1;
			remoteGlobalIDString = C47E12E923DA9FB00044EC42;
			remoteInfo = OnTheMap;
		};
/* End PBXContainerItemProxy section */

/* Begin PBXFileReference section */
		C47E12EA23DA9FB00044EC42 /* OnTheMap.app */ = {isa = PBXFileReference; explicitFileType = wrapper.application; includeInIndex = 0; path = OnTheMap.app; sourceTree = BUILT_PRODUCTS_DIR; };
		C47E12ED23DA9FB00044EC42 /* AppDelegate.swift */ = {isa = PBXFileReference; lastKnownFileType = sourcecode.swift; path = AppDelegate.swift; sourceTree = "<group>"; };
		C47E12EF23DA9FB00044EC42 /* SceneDelegate.swift */ = {isa = PBXFileReference; lastKnownFileType = sourcecode.swift; path = SceneDelegate.swift; sourceTree = "<group>"; };
		C47E12F123DA9FB00044EC42 /* MapViewController.swift */ = {isa = PBXFileReference; lastKnownFileType = sourcecode.swift; path = MapViewController.swift; sourceTree = "<group>"; };
		C47E12F423DA9FB00044EC42 /* Base */ = {isa = PBXFileReference; lastKnownFileType = file.storyboard; name = Base; path = Base.lproj/Main.storyboard; sourceTree = "<group>"; };
		C47E12F623DA9FB20044EC42 /* Assets.xcassets */ = {isa = PBXFileReference; lastKnownFileType = folder.assetcatalog; path = Assets.xcassets; sourceTree = "<group>"; };
		C47E12F923DA9FB20044EC42 /* Base */ = {isa = PBXFileReference; lastKnownFileType = file.storyboard; name = Base; path = Base.lproj/LaunchScreen.storyboard; sourceTree = "<group>"; };
		C47E12FB23DA9FB20044EC42 /* Info.plist */ = {isa = PBXFileReference; lastKnownFileType = text.plist.xml; path = Info.plist; sourceTree = "<group>"; };
		C47E130023DA9FB20044EC42 /* OnTheMapTests.xctest */ = {isa = PBXFileReference; explicitFileType = wrapper.cfbundle; includeInIndex = 0; path = OnTheMapTests.xctest; sourceTree = BUILT_PRODUCTS_DIR; };
		C47E130423DA9FB20044EC42 /* OnTheMapTests.swift */ = {isa = PBXFileReference; lastKnownFileType = sourcecode.swift; path = OnTheMapTests.swift; sourceTree = "<group>"; };
		C47E130623DA9FB20044EC42 /* Info.plist */ = {isa = PBXFileReference; lastKnownFileType = text.plist.xml; path = Info.plist; sourceTree = "<group>"; };
		C47E130B23DA9FB20044EC42 /* OnTheMapUITests.xctest */ = {isa = PBXFileReference; explicitFileType = wrapper.cfbundle; includeInIndex = 0; path = OnTheMapUITests.xctest; sourceTree = BUILT_PRODUCTS_DIR; };
		C47E130F23DA9FB20044EC42 /* OnTheMapUITests.swift */ = {isa = PBXFileReference; lastKnownFileType = sourcecode.swift; path = OnTheMapUITests.swift; sourceTree = "<group>"; };
		C47E131123DA9FB20044EC42 /* Info.plist */ = {isa = PBXFileReference; lastKnownFileType = text.plist.xml; path = Info.plist; sourceTree = "<group>"; };
		C47E132023DD4C470044EC42 /* Keys.swift */ = {isa = PBXFileReference; lastKnownFileType = sourcecode.swift; path = Keys.swift; sourceTree = "<group>"; };
		C47E132223DD51A40044EC42 /* TableViewController.swift */ = {isa = PBXFileReference; lastKnownFileType = sourcecode.swift; path = TableViewController.swift; sourceTree = "<group>"; };
		C47E132523DD5D0B0044EC42 /* UdacityClient.swift */ = {isa = PBXFileReference; lastKnownFileType = sourcecode.swift; path = UdacityClient.swift; sourceTree = "<group>"; };
		C47E132823DD61070044EC42 /* SessionRequest.swift */ = {isa = PBXFileReference; lastKnownFileType = sourcecode.swift; path = SessionRequest.swift; sourceTree = "<group>"; };
		C47E132A23DD615D0044EC42 /* LoginData.swift */ = {isa = PBXFileReference; lastKnownFileType = sourcecode.swift; path = LoginData.swift; sourceTree = "<group>"; };
		C47E132D23DD62D60044EC42 /* SessionResponse.swift */ = {isa = PBXFileReference; lastKnownFileType = sourcecode.swift; path = SessionResponse.swift; sourceTree = "<group>"; };
		C47E132F23DD639B0044EC42 /* Account.swift */ = {isa = PBXFileReference; lastKnownFileType = sourcecode.swift; path = Account.swift; sourceTree = "<group>"; };
		C47E133123DD63A80044EC42 /* Session.swift */ = {isa = PBXFileReference; lastKnownFileType = sourcecode.swift; path = Session.swift; sourceTree = "<group>"; };
		C47E133323DDD7730044EC42 /* UserDataResponse.swift */ = {isa = PBXFileReference; lastKnownFileType = sourcecode.swift; path = UserDataResponse.swift; sourceTree = "<group>"; };
		C47E133523DDD7FA0044EC42 /* UserData.swift */ = {isa = PBXFileReference; lastKnownFileType = sourcecode.swift; path = UserData.swift; sourceTree = "<group>"; };
		C47E133723DDDAD90044EC42 /* Guard.swift */ = {isa = PBXFileReference; lastKnownFileType = sourcecode.swift; path = Guard.swift; sourceTree = "<group>"; };
		C47E133A23DDDB8D0044EC42 /* Permission.swift */ = {isa = PBXFileReference; lastKnownFileType = sourcecode.swift; path = Permission.swift; sourceTree = "<group>"; };
		C47E133C23DDDC3F0044EC42 /* RefKey.swift */ = {isa = PBXFileReference; lastKnownFileType = sourcecode.swift; path = RefKey.swift; sourceTree = "<group>"; };
		C47E133E23DDE1460044EC42 /* Email.swift */ = {isa = PBXFileReference; lastKnownFileType = sourcecode.swift; path = Email.swift; sourceTree = "<group>"; };
		C47E134023DDE34A0044EC42 /* EmailPreference.swift */ = {isa = PBXFileReference; lastKnownFileType = sourcecode.swift; path = EmailPreference.swift; sourceTree = "<group>"; };
		C47E134223DDE4DB0044EC42 /* Membership.swift */ = {isa = PBXFileReference; lastKnownFileType = sourcecode.swift; path = Membership.swift; sourceTree = "<group>"; };
		C47E134523DDEC7F0044EC42 /* HttpUtil.swift */ = {isa = PBXFileReference; lastKnownFileType = sourcecode.swift; path = HttpUtil.swift; sourceTree = "<group>"; };
		C47E134723DDED3E0044EC42 /* HttpMethodType.swift */ = {isa = PBXFileReference; lastKnownFileType = sourcecode.swift; path = HttpMethodType.swift; sourceTree = "<group>"; };
		C47E134923DDEE360044EC42 /* HttpKeys.swift */ = {isa = PBXFileReference; lastKnownFileType = sourcecode.swift; path = HttpKeys.swift; sourceTree = "<group>"; };
		C47E134D23DDF4690044EC42 /* StudentLocations.swift */ = {isa = PBXFileReference; lastKnownFileType = sourcecode.swift; name = StudentLocations.swift; path = ../../../../../../../../Users/jerry/Documents/StudentLocations.swift; sourceTree = "<group>"; };
		C47E134F23DDF4CD0044EC42 /* StudentLocation.swift */ = {isa = PBXFileReference; lastKnownFileType = sourcecode.swift; name = StudentLocation.swift; path = ../../../../../../../../Users/jerry/Documents/StudentLocation.swift; sourceTree = "<group>"; };
		C47E135123DE02160044EC42 /* StudentLocationRequest.swift */ = {isa = PBXFileReference; lastKnownFileType = sourcecode.swift; path = StudentLocationRequest.swift; sourceTree = "<group>"; };
		C47E135323DE02A30044EC42 /* AddStudentResponse.swift */ = {isa = PBXFileReference; lastKnownFileType = sourcecode.swift; path = AddStudentResponse.swift; sourceTree = "<group>"; };
		C47E135523DE03310044EC42 /* UpdateStudentResponse.swift */ = {isa = PBXFileReference; lastKnownFileType = sourcecode.swift; path = UpdateStudentResponse.swift; sourceTree = "<group>"; };
		C47E135723DE25F00044EC42 /* EmptyBody.swift */ = {isa = PBXFileReference; lastKnownFileType = sourcecode.swift; path = EmptyBody.swift; sourceTree = "<group>"; };
/* End PBXFileReference section */

/* Begin PBXFrameworksBuildPhase section */
		C47E12E723DA9FB00044EC42 /* Frameworks */ = {
			isa = PBXFrameworksBuildPhase;
			buildActionMask = 2147483647;
			files = (
			);
			runOnlyForDeploymentPostprocessing = 0;
		};
		C47E12FD23DA9FB20044EC42 /* Frameworks */ = {
			isa = PBXFrameworksBuildPhase;
			buildActionMask = 2147483647;
			files = (
			);
			runOnlyForDeploymentPostprocessing = 0;
		};
		C47E130823DA9FB20044EC42 /* Frameworks */ = {
			isa = PBXFrameworksBuildPhase;
			buildActionMask = 2147483647;
			files = (
			);
			runOnlyForDeploymentPostprocessing = 0;
		};
/* End PBXFrameworksBuildPhase section */

/* Begin PBXGroup section */
		C47E12E123DA9FB00044EC42 = {
			isa = PBXGroup;
			children = (
				C47E12EC23DA9FB00044EC42 /* OnTheMap */,
				C47E130323DA9FB20044EC42 /* OnTheMapTests */,
				C47E130E23DA9FB20044EC42 /* OnTheMapUITests */,
				C47E12EB23DA9FB00044EC42 /* Products */,
			);
			sourceTree = "<group>";
		};
		C47E12EB23DA9FB00044EC42 /* Products */ = {
			isa = PBXGroup;
			children = (
				C47E12EA23DA9FB00044EC42 /* OnTheMap.app */,
				C47E130023DA9FB20044EC42 /* OnTheMapTests.xctest */,
				C47E130B23DA9FB20044EC42 /* OnTheMapUITests.xctest */,
			);
			name = Products;
			sourceTree = "<group>";
		};
		C47E12EC23DA9FB00044EC42 /* OnTheMap */ = {
			isa = PBXGroup;
			children = (
				C47E132423DD5CFC0044EC42 /* Model */,
				C47E12ED23DA9FB00044EC42 /* AppDelegate.swift */,
				C47E12EF23DA9FB00044EC42 /* SceneDelegate.swift */,
				C47E131D23DAA08A0044EC42 /* Controller */,
				C47E131E23DAA0B00044EC42 /* View */,
				C47E12F823DA9FB20044EC42 /* LaunchScreen.storyboard */,
				C47E12FB23DA9FB20044EC42 /* Info.plist */,
			);
			path = OnTheMap;
			sourceTree = "<group>";
		};
		C47E130323DA9FB20044EC42 /* OnTheMapTests */ = {
			isa = PBXGroup;
			children = (
				C47E130423DA9FB20044EC42 /* OnTheMapTests.swift */,
				C47E130623DA9FB20044EC42 /* Info.plist */,
			);
			path = OnTheMapTests;
			sourceTree = "<group>";
		};
		C47E130E23DA9FB20044EC42 /* OnTheMapUITests */ = {
			isa = PBXGroup;
			children = (
				C47E130F23DA9FB20044EC42 /* OnTheMapUITests.swift */,
				C47E131123DA9FB20044EC42 /* Info.plist */,
			);
			path = OnTheMapUITests;
			sourceTree = "<group>";
		};
		C47E131D23DAA08A0044EC42 /* Controller */ = {
			isa = PBXGroup;
			children = (
				C47E12F123DA9FB00044EC42 /* MapViewController.swift */,
				C47E132223DD51A40044EC42 /* TableViewController.swift */,
			);
			path = Controller;
			sourceTree = "<group>";
		};
		C47E131E23DAA0B00044EC42 /* View */ = {
			isa = PBXGroup;
			children = (
				C47E12F323DA9FB00044EC42 /* Main.storyboard */,
				C47E12F623DA9FB20044EC42 /* Assets.xcassets */,
			);
			path = View;
			sourceTree = "<group>";
		};
		C47E132423DD5CFC0044EC42 /* Model */ = {
			isa = PBXGroup;
			children = (
				C47E132023DD4C470044EC42 /* Keys.swift */,
				C47E134423DDE9E70044EC42 /* Response */,
				C47E132723DD60F40044EC42 /* Request */,
				C47E132523DD5D0B0044EC42 /* UdacityClient.swift */,
				C47E134B23DDF07C0044EC42 /* Util */,
			);
			path = Model;
			sourceTree = "<group>";
		};
		C47E132723DD60F40044EC42 /* Request */ = {
			isa = PBXGroup;
			children = (
				C47E132823DD61070044EC42 /* SessionRequest.swift */,
				C47E132A23DD615D0044EC42 /* LoginData.swift */,
				C47E135123DE02160044EC42 /* StudentLocationRequest.swift */,
				C47E135723DE25F00044EC42 /* EmptyBody.swift */,
			);
			path = Request;
			sourceTree = "<group>";
		};
		C47E133923DDDAE30044EC42 /* User */ = {
			isa = PBXGroup;
			children = (
				C47E133323DDD7730044EC42 /* UserDataResponse.swift */,
				C47E133523DDD7FA0044EC42 /* UserData.swift */,
				C47E133723DDDAD90044EC42 /* Guard.swift */,
				C47E133A23DDDB8D0044EC42 /* Permission.swift */,
				C47E133C23DDDC3F0044EC42 /* RefKey.swift */,
				C47E133E23DDE1460044EC42 /* Email.swift */,
				C47E134023DDE34A0044EC42 /* EmailPreference.swift */,
				C47E134223DDE4DB0044EC42 /* Membership.swift */,
			);
			path = User;
			sourceTree = "<group>";
		};
		C47E134423DDE9E70044EC42 /* Response */ = {
			isa = PBXGroup;
			children = (
				C47E135923DE3AC20044EC42 /* Session */,
				C47E134C23DDF44B0044EC42 /* Student */,
				C47E133923DDDAE30044EC42 /* User */,
			);
			path = Response;
			sourceTree = "<group>";
		};
		C47E134B23DDF07C0044EC42 /* Util */ = {
			isa = PBXGroup;
			children = (
				C47E134523DDEC7F0044EC42 /* HttpUtil.swift */,
				C47E134723DDED3E0044EC42 /* HttpMethodType.swift */,
				C47E134923DDEE360044EC42 /* HttpKeys.swift */,
			);
			path = Util;
			sourceTree = "<group>";
		};
		C47E134C23DDF44B0044EC42 /* Student */ = {
			isa = PBXGroup;
			children = (
				C47E134D23DDF4690044EC42 /* StudentLocations.swift */,
				C47E134F23DDF4CD0044EC42 /* StudentLocation.swift */,
				C47E135323DE02A30044EC42 /* AddStudentResponse.swift */,
				C47E135523DE03310044EC42 /* UpdateStudentResponse.swift */,
			);
			path = Student;
			sourceTree = "<group>";
		};
		C47E135923DE3AC20044EC42 /* Session */ = {
			isa = PBXGroup;
			children = (
				C47E132D23DD62D60044EC42 /* SessionResponse.swift */,
				C47E132F23DD639B0044EC42 /* Account.swift */,
				C47E133123DD63A80044EC42 /* Session.swift */,
			);
			path = Session;
			sourceTree = "<group>";
		};
/* End PBXGroup section */

/* Begin PBXNativeTarget section */
		C47E12E923DA9FB00044EC42 /* OnTheMap */ = {
			isa = PBXNativeTarget;
			buildConfigurationList = C47E131423DA9FB20044EC42 /* Build configuration list for PBXNativeTarget "OnTheMap" */;
			buildPhases = (
				C47E12E623DA9FB00044EC42 /* Sources */,
				C47E12E723DA9FB00044EC42 /* Frameworks */,
				C47E12E823DA9FB00044EC42 /* Resources */,
			);
			buildRules = (
			);
			dependencies = (
			);
			name = OnTheMap;
			productName = OnTheMap;
			productReference = C47E12EA23DA9FB00044EC42 /* OnTheMap.app */;
			productType = "com.apple.product-type.application";
		};
		C47E12FF23DA9FB20044EC42 /* OnTheMapTests */ = {
			isa = PBXNativeTarget;
			buildConfigurationList = C47E131723DA9FB20044EC42 /* Build configuration list for PBXNativeTarget "OnTheMapTests" */;
			buildPhases = (
				C47E12FC23DA9FB20044EC42 /* Sources */,
				C47E12FD23DA9FB20044EC42 /* Frameworks */,
				C47E12FE23DA9FB20044EC42 /* Resources */,
			);
			buildRules = (
			);
			dependencies = (
				C47E130223DA9FB20044EC42 /* PBXTargetDependency */,
			);
			name = OnTheMapTests;
			productName = OnTheMapTests;
			productReference = C47E130023DA9FB20044EC42 /* OnTheMapTests.xctest */;
			productType = "com.apple.product-type.bundle.unit-test";
		};
		C47E130A23DA9FB20044EC42 /* OnTheMapUITests */ = {
			isa = PBXNativeTarget;
			buildConfigurationList = C47E131A23DA9FB20044EC42 /* Build configuration list for PBXNativeTarget "OnTheMapUITests" */;
			buildPhases = (
				C47E130723DA9FB20044EC42 /* Sources */,
				C47E130823DA9FB20044EC42 /* Frameworks */,
				C47E130923DA9FB20044EC42 /* Resources */,
			);
			buildRules = (
			);
			dependencies = (
				C47E130D23DA9FB20044EC42 /* PBXTargetDependency */,
			);
			name = OnTheMapUITests;
			productName = OnTheMapUITests;
			productReference = C47E130B23DA9FB20044EC42 /* OnTheMapUITests.xctest */;
			productType = "com.apple.product-type.bundle.ui-testing";
		};
/* End PBXNativeTarget section */

/* Begin PBXProject section */
		C47E12E223DA9FB00044EC42 /* Project object */ = {
			isa = PBXProject;
			attributes = {
				LastSwiftUpdateCheck = 1130;
				LastUpgradeCheck = 1130;
				ORGANIZATIONNAME = "Cristhian Recalde";
				TargetAttributes = {
					C47E12E923DA9FB00044EC42 = {
						CreatedOnToolsVersion = 11.3.1;
					};
					C47E12FF23DA9FB20044EC42 = {
						CreatedOnToolsVersion = 11.3.1;
						TestTargetID = C47E12E923DA9FB00044EC42;
					};
					C47E130A23DA9FB20044EC42 = {
						CreatedOnToolsVersion = 11.3.1;
						TestTargetID = C47E12E923DA9FB00044EC42;
					};
				};
			};
			buildConfigurationList = C47E12E523DA9FB00044EC42 /* Build configuration list for PBXProject "OnTheMap" */;
			compatibilityVersion = "Xcode 9.3";
			developmentRegion = en;
			hasScannedForEncodings = 0;
			knownRegions = (
				en,
				Base,
			);
			mainGroup = C47E12E123DA9FB00044EC42;
			productRefGroup = C47E12EB23DA9FB00044EC42 /* Products */;
			projectDirPath = "";
			projectRoot = "";
			targets = (
				C47E12E923DA9FB00044EC42 /* OnTheMap */,
				C47E12FF23DA9FB20044EC42 /* OnTheMapTests */,
				C47E130A23DA9FB20044EC42 /* OnTheMapUITests */,
			);
		};
/* End PBXProject section */

/* Begin PBXResourcesBuildPhase section */
		C47E12E823DA9FB00044EC42 /* Resources */ = {
			isa = PBXResourcesBuildPhase;
			buildActionMask = 2147483647;
			files = (
				C47E12FA23DA9FB20044EC42 /* LaunchScreen.storyboard in Resources */,
				C47E12F723DA9FB20044EC42 /* Assets.xcassets in Resources */,
				C47E12F523DA9FB00044EC42 /* Main.storyboard in Resources */,
			);
			runOnlyForDeploymentPostprocessing = 0;
		};
		C47E12FE23DA9FB20044EC42 /* Resources */ = {
			isa = PBXResourcesBuildPhase;
			buildActionMask = 2147483647;
			files = (
			);
			runOnlyForDeploymentPostprocessing = 0;
		};
		C47E130923DA9FB20044EC42 /* Resources */ = {
			isa = PBXResourcesBuildPhase;
			buildActionMask = 2147483647;
			files = (
			);
			runOnlyForDeploymentPostprocessing = 0;
		};
/* End PBXResourcesBuildPhase section */

/* Begin PBXSourcesBuildPhase section */
		C47E12E623DA9FB00044EC42 /* Sources */ = {
			isa = PBXSourcesBuildPhase;
			buildActionMask = 2147483647;
			files = (
				C47E135023DDF4CD0044EC42 /* StudentLocation.swift in Sources */,
				C47E133623DDD7FA0044EC42 /* UserData.swift in Sources */,
				C47E12F223DA9FB00044EC42 /* MapViewController.swift in Sources */,
				C47E132923DD61070044EC42 /* SessionRequest.swift in Sources */,
				C47E12EE23DA9FB00044EC42 /* AppDelegate.swift in Sources */,
				C47E132623DD5D0B0044EC42 /* UdacityClient.swift in Sources */,
				C47E132123DD4C470044EC42 /* Keys.swift in Sources */,
				C47E133023DD639B0044EC42 /* Account.swift in Sources */,
				C47E133823DDDAD90044EC42 /* Guard.swift in Sources */,
				C47E133423DDD7730044EC42 /* UserDataResponse.swift in Sources */,
				C47E134323DDE4DB0044EC42 /* Membership.swift in Sources */,
				C47E132E23DD62D60044EC42 /* SessionResponse.swift in Sources */,
				C47E134623DDEC7F0044EC42 /* HttpUtil.swift in Sources */,
				C47E133223DD63A80044EC42 /* Session.swift in Sources */,
				C47E134123DDE34A0044EC42 /* EmailPreference.swift in Sources */,
				C47E132B23DD615D0044EC42 /* LoginData.swift in Sources */,
				C47E133F23DDE1460044EC42 /* Email.swift in Sources */,
				C47E133D23DDDC3F0044EC42 /* RefKey.swift in Sources */,
				C47E135423DE02A30044EC42 /* AddStudentResponse.swift in Sources */,
				C47E135623DE03310044EC42 /* UpdateStudentResponse.swift in Sources */,
				C47E135223DE02160044EC42 /* StudentLocationRequest.swift in Sources */,
				C47E132323DD51A40044EC42 /* TableViewController.swift in Sources */,
				C47E134E23DDF4690044EC42 /* StudentLocations.swift in Sources */,
				C47E134823DDED3E0044EC42 /* HttpMethodType.swift in Sources */,
				C47E12F023DA9FB00044EC42 /* SceneDelegate.swift in Sources */,
				C47E133B23DDDB8D0044EC42 /* Permission.swift in Sources */,
				C47E134A23DDEE360044EC42 /* HttpKeys.swift in Sources */,
				C47E135823DE25F00044EC42 /* EmptyBody.swift in Sources */,
			);
			runOnlyForDeploymentPostprocessing = 0;
		};
		C47E12FC23DA9FB20044EC42 /* Sources */ = {
			isa = PBXSourcesBuildPhase;
			buildActionMask = 2147483647;
			files = (
				C47E130523DA9FB20044EC42 /* OnTheMapTests.swift in Sources */,
			);
			runOnlyForDeploymentPostprocessing = 0;
		};
		C47E130723DA9FB20044EC42 /* Sources */ = {
			isa = PBXSourcesBuildPhase;
			buildActionMask = 2147483647;
			files = (
				C47E131023DA9FB20044EC42 /* OnTheMapUITests.swift in Sources */,
			);
			runOnlyForDeploymentPostprocessing = 0;
		};
/* End PBXSourcesBuildPhase section */

/* Begin PBXTargetDependency section */
		C47E130223DA9FB20044EC42 /* PBXTargetDependency */ = {
			isa = PBXTargetDependency;
			target = C47E12E923DA9FB00044EC42 /* OnTheMap */;
			targetProxy = C47E130123DA9FB20044EC42 /* PBXContainerItemProxy */;
		};
		C47E130D23DA9FB20044EC42 /* PBXTargetDependency */ = {
			isa = PBXTargetDependency;
			target = C47E12E923DA9FB00044EC42 /* OnTheMap */;
			targetProxy = C47E130C23DA9FB20044EC42 /* PBXContainerItemProxy */;
		};
/* End PBXTargetDependency section */

/* Begin PBXVariantGroup section */
		C47E12F323DA9FB00044EC42 /* Main.storyboard */ = {
			isa = PBXVariantGroup;
			children = (
				C47E12F423DA9FB00044EC42 /* Base */,
			);
			name = Main.storyboard;
			sourceTree = "<group>";
		};
		C47E12F823DA9FB20044EC42 /* LaunchScreen.storyboard */ = {
			isa = PBXVariantGroup;
			children = (
				C47E12F923DA9FB20044EC42 /* Base */,
			);
			name = LaunchScreen.storyboard;
			sourceTree = "<group>";
		};
/* End PBXVariantGroup section */

/* Begin XCBuildConfiguration section */
		C47E131223DA9FB20044EC42 /* Debug */ = {
			isa = XCBuildConfiguration;
			buildSettings = {
				ALWAYS_SEARCH_USER_PATHS = NO;
				CLANG_ANALYZER_NONNULL = YES;
				CLANG_ANALYZER_NUMBER_OBJECT_CONVERSION = YES_AGGRESSIVE;
				CLANG_CXX_LANGUAGE_STANDARD = "gnu++14";
				CLANG_CXX_LIBRARY = "libc++";
				CLANG_ENABLE_MODULES = YES;
				CLANG_ENABLE_OBJC_ARC = YES;
				CLANG_ENABLE_OBJC_WEAK = YES;
				CLANG_WARN_BLOCK_CAPTURE_AUTORELEASING = YES;
				CLANG_WARN_BOOL_CONVERSION = YES;
				CLANG_WARN_COMMA = YES;
				CLANG_WARN_CONSTANT_CONVERSION = YES;
				CLANG_WARN_DEPRECATED_OBJC_IMPLEMENTATIONS = YES;
				CLANG_WARN_DIRECT_OBJC_ISA_USAGE = YES_ERROR;
				CLANG_WARN_DOCUMENTATION_COMMENTS = YES;
				CLANG_WARN_EMPTY_BODY = YES;
				CLANG_WARN_ENUM_CONVERSION = YES;
				CLANG_WARN_INFINITE_RECURSION = YES;
				CLANG_WARN_INT_CONVERSION = YES;
				CLANG_WARN_NON_LITERAL_NULL_CONVERSION = YES;
				CLANG_WARN_OBJC_IMPLICIT_RETAIN_SELF = YES;
				CLANG_WARN_OBJC_LITERAL_CONVERSION = YES;
				CLANG_WARN_OBJC_ROOT_CLASS = YES_ERROR;
				CLANG_WARN_RANGE_LOOP_ANALYSIS = YES;
				CLANG_WARN_STRICT_PROTOTYPES = YES;
				CLANG_WARN_SUSPICIOUS_MOVE = YES;
				CLANG_WARN_UNGUARDED_AVAILABILITY = YES_AGGRESSIVE;
				CLANG_WARN_UNREACHABLE_CODE = YES;
				CLANG_WARN__DUPLICATE_METHOD_MATCH = YES;
				COPY_PHASE_STRIP = NO;
				DEBUG_INFORMATION_FORMAT = dwarf;
				ENABLE_STRICT_OBJC_MSGSEND = YES;
				ENABLE_TESTABILITY = YES;
				GCC_C_LANGUAGE_STANDARD = gnu11;
				GCC_DYNAMIC_NO_PIC = NO;
				GCC_NO_COMMON_BLOCKS = YES;
				GCC_OPTIMIZATION_LEVEL = 0;
				GCC_PREPROCESSOR_DEFINITIONS = (
					"DEBUG=1",
					"$(inherited)",
				);
				GCC_WARN_64_TO_32_BIT_CONVERSION = YES;
				GCC_WARN_ABOUT_RETURN_TYPE = YES_ERROR;
				GCC_WARN_UNDECLARED_SELECTOR = YES;
				GCC_WARN_UNINITIALIZED_AUTOS = YES_AGGRESSIVE;
				GCC_WARN_UNUSED_FUNCTION = YES;
				GCC_WARN_UNUSED_VARIABLE = YES;
				IPHONEOS_DEPLOYMENT_TARGET = 13.2;
				MTL_ENABLE_DEBUG_INFO = INCLUDE_SOURCE;
				MTL_FAST_MATH = YES;
				ONLY_ACTIVE_ARCH = YES;
				SDKROOT = iphoneos;
				SWIFT_ACTIVE_COMPILATION_CONDITIONS = DEBUG;
				SWIFT_OPTIMIZATION_LEVEL = "-Onone";
			};
			name = Debug;
		};
		C47E131323DA9FB20044EC42 /* Release */ = {
			isa = XCBuildConfiguration;
			buildSettings = {
				ALWAYS_SEARCH_USER_PATHS = NO;
				CLANG_ANALYZER_NONNULL = YES;
				CLANG_ANALYZER_NUMBER_OBJECT_CONVERSION = YES_AGGRESSIVE;
				CLANG_CXX_LANGUAGE_STANDARD = "gnu++14";
				CLANG_CXX_LIBRARY = "libc++";
				CLANG_ENABLE_MODULES = YES;
				CLANG_ENABLE_OBJC_ARC = YES;
				CLANG_ENABLE_OBJC_WEAK = YES;
				CLANG_WARN_BLOCK_CAPTURE_AUTORELEASING = YES;
				CLANG_WARN_BOOL_CONVERSION = YES;
				CLANG_WARN_COMMA = YES;
				CLANG_WARN_CONSTANT_CONVERSION = YES;
				CLANG_WARN_DEPRECATED_OBJC_IMPLEMENTATIONS = YES;
				CLANG_WARN_DIRECT_OBJC_ISA_USAGE = YES_ERROR;
				CLANG_WARN_DOCUMENTATION_COMMENTS = YES;
				CLANG_WARN_EMPTY_BODY = YES;
				CLANG_WARN_ENUM_CONVERSION = YES;
				CLANG_WARN_INFINITE_RECURSION = YES;
				CLANG_WARN_INT_CONVERSION = YES;
				CLANG_WARN_NON_LITERAL_NULL_CONVERSION = YES;
				CLANG_WARN_OBJC_IMPLICIT_RETAIN_SELF = YES;
				CLANG_WARN_OBJC_LITERAL_CONVERSION = YES;
				CLANG_WARN_OBJC_ROOT_CLASS = YES_ERROR;
				CLANG_WARN_RANGE_LOOP_ANALYSIS = YES;
				CLANG_WARN_STRICT_PROTOTYPES = YES;
				CLANG_WARN_SUSPICIOUS_MOVE = YES;
				CLANG_WARN_UNGUARDED_AVAILABILITY = YES_AGGRESSIVE;
				CLANG_WARN_UNREACHABLE_CODE = YES;
				CLANG_WARN__DUPLICATE_METHOD_MATCH = YES;
				COPY_PHASE_STRIP = NO;
				DEBUG_INFORMATION_FORMAT = "dwarf-with-dsym";
				ENABLE_NS_ASSERTIONS = NO;
				ENABLE_STRICT_OBJC_MSGSEND = YES;
				GCC_C_LANGUAGE_STANDARD = gnu11;
				GCC_NO_COMMON_BLOCKS = YES;
				GCC_WARN_64_TO_32_BIT_CONVERSION = YES;
				GCC_WARN_ABOUT_RETURN_TYPE = YES_ERROR;
				GCC_WARN_UNDECLARED_SELECTOR = YES;
				GCC_WARN_UNINITIALIZED_AUTOS = YES_AGGRESSIVE;
				GCC_WARN_UNUSED_FUNCTION = YES;
				GCC_WARN_UNUSED_VARIABLE = YES;
				IPHONEOS_DEPLOYMENT_TARGET = 13.2;
				MTL_ENABLE_DEBUG_INFO = NO;
				MTL_FAST_MATH = YES;
				SDKROOT = iphoneos;
				SWIFT_COMPILATION_MODE = wholemodule;
				SWIFT_OPTIMIZATION_LEVEL = "-O";
				VALIDATE_PRODUCT = YES;
			};
			name = Release;
		};
		C47E131523DA9FB20044EC42 /* Debug */ = {
			isa = XCBuildConfiguration;
			buildSettings = {
				ASSETCATALOG_COMPILER_APPICON_NAME = AppIcon;
				CODE_SIGN_IDENTITY = "Apple Development";
				CODE_SIGN_STYLE = Automatic;
				DEVELOPMENT_TEAM = M5X6C8M57F;
				INFOPLIST_FILE = OnTheMap/Info.plist;
				LD_RUNPATH_SEARCH_PATHS = (
					"$(inherited)",
					"@executable_path/Frameworks",
				);
				PRODUCT_BUNDLE_IDENTIFIER = py.com.snowtech.TextFieldChallenge;
				PRODUCT_NAME = "$(TARGET_NAME)";
				PROVISIONING_PROFILE_SPECIFIER = "";
				SWIFT_VERSION = 5.0;
				TARGETED_DEVICE_FAMILY = "1,2";
			};
			name = Debug;
		};
		C47E131623DA9FB20044EC42 /* Release */ = {
			isa = XCBuildConfiguration;
			buildSettings = {
				ASSETCATALOG_COMPILER_APPICON_NAME = AppIcon;
				CODE_SIGN_IDENTITY = "Apple Development";
				CODE_SIGN_STYLE = Automatic;
				DEVELOPMENT_TEAM = M5X6C8M57F;
				INFOPLIST_FILE = OnTheMap/Info.plist;
				LD_RUNPATH_SEARCH_PATHS = (
					"$(inherited)",
					"@executable_path/Frameworks",
				);
				PRODUCT_BUNDLE_IDENTIFIER = py.com.snowtech.TextFieldChallenge;
				PRODUCT_NAME = "$(TARGET_NAME)";
				PROVISIONING_PROFILE_SPECIFIER = "";
				SWIFT_VERSION = 5.0;
				TARGETED_DEVICE_FAMILY = "1,2";
			};
			name = Release;
		};
		C47E131823DA9FB20044EC42 /* Debug */ = {
			isa = XCBuildConfiguration;
			buildSettings = {
				ALWAYS_EMBED_SWIFT_STANDARD_LIBRARIES = YES;
				BUNDLE_LOADER = "$(TEST_HOST)";
				CODE_SIGN_STYLE = Automatic;
				DEVELOPMENT_TEAM = M5X6C8M57F;
				INFOPLIST_FILE = OnTheMapTests/Info.plist;
				IPHONEOS_DEPLOYMENT_TARGET = 13.2;
				LD_RUNPATH_SEARCH_PATHS = (
					"$(inherited)",
					"@executable_path/Frameworks",
					"@loader_path/Frameworks",
				);
				PRODUCT_BUNDLE_IDENTIFIER = py.com.snowtech.OnTheMapTests;
				PRODUCT_NAME = "$(TARGET_NAME)";
				SWIFT_VERSION = 5.0;
				TARGETED_DEVICE_FAMILY = "1,2";
				TEST_HOST = "$(BUILT_PRODUCTS_DIR)/OnTheMap.app/OnTheMap";
			};
			name = Debug;
		};
		C47E131923DA9FB20044EC42 /* Release */ = {
			isa = XCBuildConfiguration;
			buildSettings = {
				ALWAYS_EMBED_SWIFT_STANDARD_LIBRARIES = YES;
				BUNDLE_LOADER = "$(TEST_HOST)";
				CODE_SIGN_STYLE = Automatic;
				DEVELOPMENT_TEAM = M5X6C8M57F;
				INFOPLIST_FILE = OnTheMapTests/Info.plist;
				IPHONEOS_DEPLOYMENT_TARGET = 13.2;
				LD_RUNPATH_SEARCH_PATHS = (
					"$(inherited)",
					"@executable_path/Frameworks",
					"@loader_path/Frameworks",
				);
				PRODUCT_BUNDLE_IDENTIFIER = py.com.snowtech.OnTheMapTests;
				PRODUCT_NAME = "$(TARGET_NAME)";
				SWIFT_VERSION = 5.0;
				TARGETED_DEVICE_FAMILY = "1,2";
				TEST_HOST = "$(BUILT_PRODUCTS_DIR)/OnTheMap.app/OnTheMap";
			};
			name = Release;
		};
		C47E131B23DA9FB20044EC42 /* Debug */ = {
			isa = XCBuildConfiguration;
			buildSettings = {
				ALWAYS_EMBED_SWIFT_STANDARD_LIBRARIES = YES;
				CODE_SIGN_STYLE = Automatic;
				DEVELOPMENT_TEAM = M5X6C8M57F;
				INFOPLIST_FILE = OnTheMapUITests/Info.plist;
				LD_RUNPATH_SEARCH_PATHS = (
					"$(inherited)",
					"@executable_path/Frameworks",
					"@loader_path/Frameworks",
				);
				PRODUCT_BUNDLE_IDENTIFIER = py.com.snowtech.OnTheMapUITests;
				PRODUCT_NAME = "$(TARGET_NAME)";
				SWIFT_VERSION = 5.0;
				TARGETED_DEVICE_FAMILY = "1,2";
				TEST_TARGET_NAME = OnTheMap;
			};
			name = Debug;
		};
		C47E131C23DA9FB20044EC42 /* Release */ = {
			isa = XCBuildConfiguration;
			buildSettings = {
				ALWAYS_EMBED_SWIFT_STANDARD_LIBRARIES = YES;
				CODE_SIGN_STYLE = Automatic;
				DEVELOPMENT_TEAM = M5X6C8M57F;
				INFOPLIST_FILE = OnTheMapUITests/Info.plist;
				LD_RUNPATH_SEARCH_PATHS = (
					"$(inherited)",
					"@executable_path/Frameworks",
					"@loader_path/Frameworks",
				);
				PRODUCT_BUNDLE_IDENTIFIER = py.com.snowtech.OnTheMapUITests;
				PRODUCT_NAME = "$(TARGET_NAME)";
				SWIFT_VERSION = 5.0;
				TARGETED_DEVICE_FAMILY = "1,2";
				TEST_TARGET_NAME = OnTheMap;
			};
			name = Release;
		};
/* End XCBuildConfiguration section */

/* Begin XCConfigurationList section */
		C47E12E523DA9FB00044EC42 /* Build configuration list for PBXProject "OnTheMap" */ = {
			isa = XCConfigurationList;
			buildConfigurations = (
				C47E131223DA9FB20044EC42 /* Debug */,
				C47E131323DA9FB20044EC42 /* Release */,
			);
			defaultConfigurationIsVisible = 0;
			defaultConfigurationName = Release;
		};
		C47E131423DA9FB20044EC42 /* Build configuration list for PBXNativeTarget "OnTheMap" */ = {
			isa = XCConfigurationList;
			buildConfigurations = (
				C47E131523DA9FB20044EC42 /* Debug */,
				C47E131623DA9FB20044EC42 /* Release */,
			);
			defaultConfigurationIsVisible = 0;
			defaultConfigurationName = Release;
		};
		C47E131723DA9FB20044EC42 /* Build configuration list for PBXNativeTarget "OnTheMapTests" */ = {
			isa = XCConfigurationList;
			buildConfigurations = (
				C47E131823DA9FB20044EC42 /* Debug */,
				C47E131923DA9FB20044EC42 /* Release */,
			);
			defaultConfigurationIsVisible = 0;
			defaultConfigurationName = Release;
		};
		C47E131A23DA9FB20044EC42 /* Build configuration list for PBXNativeTarget "OnTheMapUITests" */ = {
			isa = XCConfigurationList;
			buildConfigurations = (
				C47E131B23DA9FB20044EC42 /* Debug */,
				C47E131C23DA9FB20044EC42 /* Release */,
			);
			defaultConfigurationIsVisible = 0;
			defaultConfigurationName = Release;
		};
/* End XCConfigurationList section */
	};
	rootObject = C47E12E223DA9FB00044EC42 /* Project object */;
}
